# This file was autogenerated by Stack.
# You should not edit this file by hand.
# For more information, please see the documentation at:
#   https://docs.haskellstack.org/en/stable/lock_files

packages: []
snapshots:
- completed:
    sha256: 5955badf83941fb44f6ee27d37111f95a8c5ec455a5c4dcfc8ef11e436a0612b
    size: 590825
    url: https://raw.githubusercontent.com/commercialhaskell/stackage-snapshots/master/nightly/2022/5/27.yaml
  original: nightly-2022-05-27
